// !$*UTF8*$!
{
	archiveVersion = 1;
	classes = {
	};
	objectVersion = 48;
	objects = {

/* Begin PBXBuildFile section */
		6FE2B06A1F6B7D4A00E46EB1 /* AppDelegate.swift in Sources */ = {isa = PBXBuildFile; fileRef = 6FE2B0691F6B7D4A00E46EB1 /* AppDelegate.swift */; };
		6FE2B06C1F6B7D4A00E46EB1 /* ViewController.swift in Sources */ = {isa = PBXBuildFile; fileRef = 6FE2B06B1F6B7D4A00E46EB1 /* ViewController.swift */; };
		6FE2B06F1F6B7D4A00E46EB1 /* Main.storyboard in Resources */ = {isa = PBXBuildFile; fileRef = 6FE2B06D1F6B7D4A00E46EB1 /* Main.storyboard */; };
		6FE2B0711F6B7D4A00E46EB1 /* Assets.xcassets in Resources */ = {isa = PBXBuildFile; fileRef = 6FE2B0701F6B7D4A00E46EB1 /* Assets.xcassets */; };
		6FE2B0741F6B7D4A00E46EB1 /* LaunchScreen.storyboard in Resources */ = {isa = PBXBuildFile; fileRef = 6FE2B0721F6B7D4A00E46EB1 /* LaunchScreen.storyboard */; };
		6FE2B07F1F6B7D4A00E46EB1 /* uitestTests.swift in Sources */ = {isa = PBXBuildFile; fileRef = 6FE2B07E1F6B7D4A00E46EB1 /* uitestTests.swift */; };
		6FE2B08A1F6B7D4A00E46EB1 /* uitestUITests.swift in Sources */ = {isa = PBXBuildFile; fileRef = 6FE2B0891F6B7D4A00E46EB1 /* uitestUITests.swift */; };
/* End PBXBuildFile section */

/* Begin PBXContainerItemProxy section */
		6FE2B07B1F6B7D4A00E46EB1 /* PBXContainerItemProxy */ = {
			isa = PBXContainerItemProxy;
			containerPortal = 6FE2B05E1F6B7D4A00E46EB1 /* Project object */;
			proxyType = 1;
			remoteGlobalIDString = 6FE2B0651F6B7D4A00E46EB1;
			remoteInfo = uitest;
		};
		6FE2B0861F6B7D4A00E46EB1 /* PBXContainerItemProxy */ = {
			isa = PBXContainerItemProxy;
			containerPortal = 6FE2B05E1F6B7D4A00E46EB1 /* Project object */;
			proxyType = 1;
			remoteGlobalIDString = 6FE2B0651F6B7D4A00E46EB1;
			remoteInfo = uitest;
		};
/* End PBXContainerItemProxy section */

/* Begin PBXFileReference section */
		6FE2B0661F6B7D4A00E46EB1 /* uitest.app */ = {isa = PBXFileReference; explicitFileType = wrapper.application; includeInIndex = 0; path = uitest.app; sourceTree = BUILT_PRODUCTS_DIR; };
		6FE2B0691F6B7D4A00E46EB1 /* AppDelegate.swift */ = {isa = PBXFileReference; lastKnownFileType = sourcecode.swift; path = AppDelegate.swift; sourceTree = "<group>"; };
		6FE2B06B1F6B7D4A00E46EB1 /* ViewController.swift */ = {isa = PBXFileReference; lastKnownFileType = sourcecode.swift; path = ViewController.swift; sourceTree = "<group>"; };
		6FE2B06E1F6B7D4A00E46EB1 /* Base */ = {isa = PBXFileReference; lastKnownFileType = file.storyboard; name = Base; path = Base.lproj/Main.storyboard; sourceTree = "<group>"; };
		6FE2B0701F6B7D4A00E46EB1 /* Assets.xcassets */ = {isa = PBXFileReference; lastKnownFileType = folder.assetcatalog; path = Assets.xcassets; sourceTree = "<group>"; };
		6FE2B0731F6B7D4A00E46EB1 /* Base */ = {isa = PBXFileReference; lastKnownFileType = file.storyboard; name = Base; path = Base.lproj/LaunchScreen.storyboard; sourceTree = "<group>"; };
		6FE2B0751F6B7D4A00E46EB1 /* Info.plist */ = {isa = PBXFileReference; lastKnownFileType = text.plist.xml; path = Info.plist; sourceTree = "<group>"; };
		6FE2B07A1F6B7D4A00E46EB1 /* uitestTests.xctest */ = {isa = PBXFileReference; explicitFileType = wrapper.cfbundle; includeInIndex = 0; path = uitestTests.xctest; sourceTree = BUILT_PRODUCTS_DIR; };
		6FE2B07E1F6B7D4A00E46EB1 /* uitestTests.swift */ = {isa = PBXFileReference; lastKnownFileType = sourcecode.swift; path = uitestTests.swift; sourceTree = "<group>"; };
		6FE2B0801F6B7D4A00E46EB1 /* Info.plist */ = {isa = PBXFileReference; lastKnownFileType = text.plist.xml; path = Info.plist; sourceTree = "<group>"; };
		6FE2B0851F6B7D4A00E46EB1 /* uitestUITests.xctest */ = {isa = PBXFileReference; explicitFileType = wrapper.cfbundle; includeInIndex = 0; path = uitestUITests.xctest; sourceTree = BUILT_PRODUCTS_DIR; };
		6FE2B0891F6B7D4A00E46EB1 /* uitestUITests.swift */ = {isa = PBXFileReference; lastKnownFileType = sourcecode.swift; path = uitestUITests.swift; sourceTree = "<group>"; };
		6FE2B08B1F6B7D4A00E46EB1 /* Info.plist */ = {isa = PBXFileReference; lastKnownFileType = text.plist.xml; path = Info.plist; sourceTree = "<group>"; };
/* End PBXFileReference section */

/* Begin PBXFrameworksBuildPhase section */
		6FE2B0631F6B7D4A00E46EB1 /* Frameworks */ = {
			isa = PBXFrameworksBuildPhase;
			buildActionMask = 2147483647;
			files = (
			);
			runOnlyForDeploymentPostprocessing = 0;
		};
		6FE2B0771F6B7D4A00E46EB1 /* Frameworks */ = {
			isa = PBXFrameworksBuildPhase;
			buildActionMask = 2147483647;
			files = (
			);
			runOnlyForDeploymentPostprocessing = 0;
		};
		6FE2B0821F6B7D4A00E46EB1 /* Frameworks */ = {
			isa = PBXFrameworksBuildPhase;
			buildActionMask = 2147483647;
			files = (
			);
			runOnlyForDeploymentPostprocessing = 0;
		};
/* End PBXFrameworksBuildPhase section */

/* Begin PBXGroup section */
		6FE2B05D1F6B7D4A00E46EB1 = {
			isa = PBXGroup;
			children = (
				6FE2B0681F6B7D4A00E46EB1 /* uitest */,
				6FE2B07D1F6B7D4A00E46EB1 /* uitestTests */,
				6FE2B0881F6B7D4A00E46EB1 /* uitestUITests */,
				6FE2B0671F6B7D4A00E46EB1 /* Products */,
			);
			sourceTree = "<group>";
		};
		6FE2B0671F6B7D4A00E46EB1 /* Products */ = {
			isa = PBXGroup;
			children = (
				6FE2B0661F6B7D4A00E46EB1 /* uitest.app */,
				6FE2B07A1F6B7D4A00E46EB1 /* uitestTests.xctest */,
				6FE2B0851F6B7D4A00E46EB1 /* uitestUITests.xctest */,
			);
			name = Products;
			sourceTree = "<group>";
		};
		6FE2B0681F6B7D4A00E46EB1 /* uitest */ = {
			isa = PBXGroup;
			children = (
				6FE2B0691F6B7D4A00E46EB1 /* AppDelegate.swift */,
				6FE2B06B1F6B7D4A00E46EB1 /* ViewController.swift */,
				6FE2B06D1F6B7D4A00E46EB1 /* Main.storyboard */,
				6FE2B0701F6B7D4A00E46EB1 /* Assets.xcassets */,
				6FE2B0721F6B7D4A00E46EB1 /* LaunchScreen.storyboard */,
				6FE2B0751F6B7D4A00E46EB1 /* Info.plist */,
			);
			path = uitest;
			sourceTree = "<group>";
		};
		6FE2B07D1F6B7D4A00E46EB1 /* uitestTests */ = {
			isa = PBXGroup;
			children = (
				6FE2B07E1F6B7D4A00E46EB1 /* uitestTests.swift */,
				6FE2B0801F6B7D4A00E46EB1 /* Info.plist */,
			);
			path = uitestTests;
			sourceTree = "<group>";
		};
		6FE2B0881F6B7D4A00E46EB1 /* uitestUITests */ = {
			isa = PBXGroup;
			children = (
				6FE2B0891F6B7D4A00E46EB1 /* uitestUITests.swift */,
				6FE2B08B1F6B7D4A00E46EB1 /* Info.plist */,
			);
			path = uitestUITests;
			sourceTree = "<group>";
		};
/* End PBXGroup section */

/* Begin PBXNativeTarget section */
		6FE2B0651F6B7D4A00E46EB1 /* uitest */ = {
			isa = PBXNativeTarget;
			buildConfigurationList = 6FE2B08E1F6B7D4A00E46EB1 /* Build configuration list for PBXNativeTarget "uitest" */;
			buildPhases = (
				6FE2B0621F6B7D4A00E46EB1 /* Sources */,
				6FE2B0631F6B7D4A00E46EB1 /* Frameworks */,
				6FE2B0641F6B7D4A00E46EB1 /* Resources */,
			);
			buildRules = (
			);
			dependencies = (
			);
			name = uitest;
			productName = uitest;
			productReference = 6FE2B0661F6B7D4A00E46EB1 /* uitest.app */;
			productType = "com.apple.product-type.application";
		};
		6FE2B0791F6B7D4A00E46EB1 /* uitestTests */ = {
			isa = PBXNativeTarget;
			buildConfigurationList = 6FE2B0911F6B7D4A00E46EB1 /* Build configuration list for PBXNativeTarget "uitestTests" */;
			buildPhases = (
				6FE2B0761F6B7D4A00E46EB1 /* Sources */,
				6FE2B0771F6B7D4A00E46EB1 /* Frameworks */,
				6FE2B0781F6B7D4A00E46EB1 /* Resources */,
			);
			buildRules = (
			);
			dependencies = (
				6FE2B07C1F6B7D4A00E46EB1 /* PBXTargetDependency */,
			);
			name = uitestTests;
			productName = uitestTests;
			productReference = 6FE2B07A1F6B7D4A00E46EB1 /* uitestTests.xctest */;
			productType = "com.apple.product-type.bundle.unit-test";
		};
		6FE2B0841F6B7D4A00E46EB1 /* uitestUITests */ = {
			isa = PBXNativeTarget;
			buildConfigurationList = 6FE2B0941F6B7D4A00E46EB1 /* Build configuration list for PBXNativeTarget "uitestUITests" */;
			buildPhases = (
				6FE2B0811F6B7D4A00E46EB1 /* Sources */,
				6FE2B0821F6B7D4A00E46EB1 /* Frameworks */,
				6FE2B0831F6B7D4A00E46EB1 /* Resources */,
			);
			buildRules = (
			);
			dependencies = (
				6FE2B0871F6B7D4A00E46EB1 /* PBXTargetDependency */,
			);
			name = uitestUITests;
			productName = uitestUITests;
			productReference = 6FE2B0851F6B7D4A00E46EB1 /* uitestUITests.xctest */;
			productType = "com.apple.product-type.bundle.ui-testing";
		};
/* End PBXNativeTarget section */

/* Begin PBXProject section */
		6FE2B05E1F6B7D4A00E46EB1 /* Project object */ = {
			isa = PBXProject;
			attributes = {
				LastSwiftUpdateCheck = 0900;
				LastUpgradeCheck = 0900;
				ORGANIZATIONNAME = "michael chan";
				TargetAttributes = {
					6FE2B0651F6B7D4A00E46EB1 = {
						CreatedOnToolsVersion = 9.0;
						ProvisioningStyle = Automatic;
					};
					6FE2B0791F6B7D4A00E46EB1 = {
						CreatedOnToolsVersion = 9.0;
						ProvisioningStyle = Automatic;
						TestTargetID = 6FE2B0651F6B7D4A00E46EB1;
					};
					6FE2B0841F6B7D4A00E46EB1 = {
						CreatedOnToolsVersion = 9.0;
						ProvisioningStyle = Automatic;
						TestTargetID = 6FE2B0651F6B7D4A00E46EB1;
					};
				};
			};
			buildConfigurationList = 6FE2B0611F6B7D4A00E46EB1 /* Build configuration list for PBXProject "uitest" */;
			compatibilityVersion = "Xcode 8.0";
			developmentRegion = en;
			hasScannedForEncodings = 0;
			knownRegions = (
				en,
				Base,
			);
			mainGroup = 6FE2B05D1F6B7D4A00E46EB1;
			productRefGroup = 6FE2B0671F6B7D4A00E46EB1 /* Products */;
			projectDirPath = "";
			projectRoot = "";
			targets = (
				6FE2B0651F6B7D4A00E46EB1 /* uitest */,
				6FE2B0791F6B7D4A00E46EB1 /* uitestTests */,
				6FE2B0841F6B7D4A00E46EB1 /* uitestUITests */,
			);
		};
/* End PBXProject section */

/* Begin PBXResourcesBuildPhase section */
		6FE2B0641F6B7D4A00E46EB1 /* Resources */ = {
			isa = PBXResourcesBuildPhase;
			buildActionMask = 2147483647;
			files = (
				6FE2B0741F6B7D4A00E46EB1 /* LaunchScreen.storyboard in Resources */,
				6FE2B0711F6B7D4A00E46EB1 /* Assets.xcassets in Resources */,
				6FE2B06F1F6B7D4A00E46EB1 /* Main.storyboard in Resources */,
			);
			runOnlyForDeploymentPostprocessing = 0;
		};
		6FE2B0781F6B7D4A00E46EB1 /* Resources */ = {
			isa = PBXResourcesBuildPhase;
			buildActionMask = 2147483647;
			files = (
			);
			runOnlyForDeploymentPostprocessing = 0;
		};
		6FE2B0831F6B7D4A00E46EB1 /* Resources */ = {
			isa = PBXResourcesBuildPhase;
			buildActionMask = 2147483647;
			files = (
			);
			runOnlyForDeploymentPostprocessing = 0;
		};
/* End PBXResourcesBuildPhase section */

/* Begin PBXSourcesBuildPhase section */
		6FE2B0621F6B7D4A00E46EB1 /* Sources */ = {
			isa = PBXSourcesBuildPhase;
			buildActionMask = 2147483647;
			files = (
				6FE2B06C1F6B7D4A00E46EB1 /* ViewController.swift in Sources */,
				6FE2B06A1F6B7D4A00E46EB1 /* AppDelegate.swift in Sources */,
			);
			runOnlyForDeploymentPostprocessing = 0;
		};
		6FE2B0761F6B7D4A00E46EB1 /* Sources */ = {
			isa = PBXSourcesBuildPhase;
			buildActionMask = 2147483647;
			files = (
				6FE2B07F1F6B7D4A00E46EB1 /* uitestTests.swift in Sources */,
			);
			runOnlyForDeploymentPostprocessing = 0;
		};
		6FE2B0811F6B7D4A00E46EB1 /* Sources */ = {
			isa = PBXSourcesBuildPhase;
			buildActionMask = 2147483647;
			files = (
				6FE2B08A1F6B7D4A00E46EB1 /* uitestUITests.swift in Sources */,
			);
			runOnlyForDeploymentPostprocessing = 0;
		};
/* End PBXSourcesBuildPhase section */

/* Begin PBXTargetDependency section */
		6FE2B07C1F6B7D4A00E46EB1 /* PBXTargetDependency */ = {
			isa = PBXTargetDependency;
			target = 6FE2B0651F6B7D4A00E46EB1 /* uitest */;
			targetProxy = 6FE2B07B1F6B7D4A00E46EB1 /* PBXContainerItemProxy */;
		};
		6FE2B0871F6B7D4A00E46EB1 /* PBXTargetDependency */ = {
			isa = PBXTargetDependency;
			target = 6FE2B0651F6B7D4A00E46EB1 /* uitest */;
			targetProxy = 6FE2B0861F6B7D4A00E46EB1 /* PBXContainerItemProxy */;
		};
/* End PBXTargetDependency section */

/* Begin PBXVariantGroup section */
		6FE2B06D1F6B7D4A00E46EB1 /* Main.storyboard */ = {
			isa = PBXVariantGroup;
			children = (
				6FE2B06E1F6B7D4A00E46EB1 /* Base */,
			);
			name = Main.storyboard;
			sourceTree = "<group>";
		};
		6FE2B0721F6B7D4A00E46EB1 /* LaunchScreen.storyboard */ = {
			isa = PBXVariantGroup;
			children = (
				6FE2B0731F6B7D4A00E46EB1 /* Base */,
			);
			name = LaunchScreen.storyboard;
			sourceTree = "<group>";
		};
/* End PBXVariantGroup section */

/* Begin XCBuildConfiguration section */
		6FE2B08C1F6B7D4A00E46EB1 /* Debug */ = {
			isa = XCBuildConfiguration;
			buildSettings = {
				ALWAYS_SEARCH_USER_PATHS = NO;
				CLANG_ANALYZER_NONNULL = YES;
				CLANG_ANALYZER_NUMBER_OBJECT_CONVERSION = YES_AGGRESSIVE;
				CLANG_CXX_LANGUAGE_STANDARD = "gnu++14";
				CLANG_CXX_LIBRARY = "libc++";
				CLANG_ENABLE_MODULES = YES;
				CLANG_ENABLE_OBJC_ARC = YES;
				CLANG_WARN_BLOCK_CAPTURE_AUTORELEASING = YES;
				CLANG_WARN_BOOL_CONVERSION = YES;
				CLANG_WARN_COMMA = YES;
				CLANG_WARN_CONSTANT_CONVERSION = YES;
				CLANG_WARN_DIRECT_OBJC_ISA_USAGE = YES_ERROR;
				CLANG_WARN_DOCUMENTATION_COMMENTS = YES;
				CLANG_WARN_EMPTY_BODY = YES;
				CLANG_WARN_ENUM_CONVERSION = YES;
				CLANG_WARN_INFINITE_RECURSION = YES;
				CLANG_WARN_INT_CONVERSION = YES;
				CLANG_WARN_NON_LITERAL_NULL_CONVERSION = YES;
				CLANG_WARN_OBJC_LITERAL_CONVERSION = YES;
				CLANG_WARN_OBJC_ROOT_CLASS = YES_ERROR;
				CLANG_WARN_RANGE_LOOP_ANALYSIS = YES;
				CLANG_WARN_STRICT_PROTOTYPES = YES;
				CLANG_WARN_SUSPICIOUS_MOVE = YES;
				CLANG_WARN_UNGUARDED_AVAILABILITY = YES_AGGRESSIVE;
				CLANG_WARN_UNREACHABLE_CODE = YES;
				CLANG_WARN__DUPLICATE_METHOD_MATCH = YES;
				CODE_SIGN_IDENTITY = "iPhone Developer";
				COPY_PHASE_STRIP = NO;
				DEBUG_INFORMATION_FORMAT = dwarf;
				ENABLE_STRICT_OBJC_MSGSEND = YES;
				ENABLE_TESTABILITY = YES;
				GCC_C_LANGUAGE_STANDARD = gnu11;
				GCC_DYNAMIC_NO_PIC = NO;
				GCC_NO_COMMON_BLOCKS = YES;
				GCC_OPTIMIZATION_LEVEL = 0;
				GCC_PREPROCESSOR_DEFINITIONS = (
					"DEBUG=1",
					"$(inherited)",
				);
				GCC_WARN_64_TO_32_BIT_CONVERSION = YES;
				GCC_WARN_ABOUT_RETURN_TYPE = YES_ERROR;
				GCC_WARN_UNDECLARED_SELECTOR = YES;
				GCC_WARN_UNINITIALIZED_AUTOS = YES_AGGRESSIVE;
				GCC_WARN_UNUSED_FUNCTION = YES;
				GCC_WARN_UNUSED_VARIABLE = YES;
				IPHONEOS_DEPLOYMENT_TARGET = 11.0;
				MTL_ENABLE_DEBUG_INFO = YES;
				ONLY_ACTIVE_ARCH = YES;
				SDKROOT = iphoneos;
				SWIFT_ACTIVE_COMPILATION_CONDITIONS = DEBUG;
				SWIFT_OPTIMIZATION_LEVEL = "-Onone";
			};
			name = Debug;
		};
		6FE2B08D1F6B7D4A00E46EB1 /* Release */ = {
			isa = XCBuildConfiguration;
			buildSettings = {
				ALWAYS_SEARCH_USER_PATHS = NO;
				CLANG_ANALYZER_NONNULL = YES;
				CLANG_ANALYZER_NUMBER_OBJECT_CONVERSION = YES_AGGRESSIVE;
				CLANG_CXX_LANGUAGE_STANDARD = "gnu++14";
				CLANG_CXX_LIBRARY = "libc++";
				CLANG_ENABLE_MODULES = YES;
				CLANG_ENABLE_OBJC_ARC = YES;
				CLANG_WARN_BLOCK_CAPTURE_AUTORELEASING = YES;
				CLANG_WARN_BOOL_CONVERSION = YES;
				CLANG_WARN_COMMA = YES;
				CLANG_WARN_CONSTANT_CONVERSION = YES;
				CLANG_WARN_DIRECT_OBJC_ISA_USAGE = YES_ERROR;
				CLANG_WARN_DOCUMENTATION_COMMENTS = YES;
				CLANG_WARN_EMPTY_BODY = YES;
				CLANG_WARN_ENUM_CONVERSION = YES;
				CLANG_WARN_INFINITE_RECURSION = YES;
				CLANG_WARN_INT_CONVERSION = YES;
				CLANG_WARN_NON_LITERAL_NULL_CONVERSION = YES;
				CLANG_WARN_OBJC_LITERAL_CONVERSION = YES;
				CLANG_WARN_OBJC_ROOT_CLASS = YES_ERROR;
				CLANG_WARN_RANGE_LOOP_ANALYSIS = YES;
				CLANG_WARN_STRICT_PROTOTYPES = YES;
				CLANG_WARN_SUSPICIOUS_MOVE = YES;
				CLANG_WARN_UNGUARDED_AVAILABILITY = YES_AGGRESSIVE;
				CLANG_WARN_UNREACHABLE_CODE = YES;
				CLANG_WARN__DUPLICATE_METHOD_MATCH = YES;
				CODE_SIGN_IDENTITY = "iPhone Developer";
				COPY_PHASE_STRIP = NO;
				DEBUG_INFORMATION_FORMAT = "dwarf-with-dsym";
				ENABLE_NS_ASSERTIONS = NO;
				ENABLE_STRICT_OBJC_MSGSEND = YES;
				GCC_C_LANGUAGE_STANDARD = gnu11;
				GCC_NO_COMMON_BLOCKS = YES;
				GCC_WARN_64_TO_32_BIT_CONVERSION = YES;
				GCC_WARN_ABOUT_RETURN_TYPE = YES_ERROR;
				GCC_WARN_UNDECLARED_SELECTOR = YES;
				GCC_WARN_UNINITIALIZED_AUTOS = YES_AGGRESSIVE;
				GCC_WARN_UNUSED_FUNCTION = YES;
				GCC_WARN_UNUSED_VARIABLE = YES;
				IPHONEOS_DEPLOYMENT_TARGET = 11.0;
				MTL_ENABLE_DEBUG_INFO = NO;
				SDKROOT = iphoneos;
				SWIFT_OPTIMIZATION_LEVEL = "-Owholemodule";
				VALIDATE_PRODUCT = YES;
			};
			name = Release;
		};
		6FE2B08F1F6B7D4A00E46EB1 /* Debug */ = {
			isa = XCBuildConfiguration;
			buildSettings = {
				ASSETCATALOG_COMPILER_APPICON_NAME = AppIcon;
				ASSETCATALOG_COMPILER_LAUNCHIMAGE_NAME = LaunchImage;
				CODE_SIGN_STYLE = Automatic;
				DEVELOPMENT_TEAM = 4Z27JM42LL;
				INFOPLIST_FILE = uitest/Info.plist;
				LD_RUNPATH_SEARCH_PATHS = "$(inherited) @executable_path/Frameworks";
				PRODUCT_BUNDLE_IDENTIFIER = com.michaelchan.uitest;
				PRODUCT_NAME = "$(TARGET_NAME)";
				SWIFT_VERSION = 4.0;
				TARGETED_DEVICE_FAMILY = "1,2";
			};
			name = Debug;
		};
		6FE2B0901F6B7D4A00E46EB1 /* Release */ = {
			isa = XCBuildConfiguration;
			buildSettings = {
				ASSETCATALOG_COMPILER_APPICON_NAME = AppIcon;
				ASSETCATALOG_COMPILER_LAUNCHIMAGE_NAME = LaunchImage;
				CODE_SIGN_STYLE = Automatic;
				DEVELOPMENT_TEAM = 4Z27JM42LL;
				INFOPLIST_FILE = uitest/Info.plist;
				LD_RUNPATH_SEARCH_PATHS = "$(inherited) @executable_path/Frameworks";
				PRODUCT_BUNDLE_IDENTIFIER = com.michaelchan.uitest;
				PRODUCT_NAME = "$(TARGET_NAME)";
				SWIFT_VERSION = 4.0;
				TARGETED_DEVICE_FAMILY = "1,2";
			};
			name = Release;
		};
		6FE2B0921F6B7D4A00E46EB1 /* Debug */ = {
			isa = XCBuildConfiguration;
			buildSettings = {
				ALWAYS_EMBED_SWIFT_STANDARD_LIBRARIES = YES;
				BUNDLE_LOADER = "$(TEST_HOST)";
				CODE_SIGN_STYLE = Automatic;
				DEVELOPMENT_TEAM = 4Z27JM42LL;
				INFOPLIST_FILE = uitestTests/Info.plist;
				LD_RUNPATH_SEARCH_PATHS = "$(inherited) @executable_path/Frameworks @loader_path/Frameworks";
				PRODUCT_BUNDLE_IDENTIFIER = com.michaelchan.uitestTests;
				PRODUCT_NAME = "$(TARGET_NAME)";
				SWIFT_VERSION = 4.0;
				TARGETED_DEVICE_FAMILY = "1,2";
				TEST_HOST = "$(BUILT_PRODUCTS_DIR)/uitest.app/uitest";
			};
			name = Debug;
		};
		6FE2B0931F6B7D4A00E46EB1 /* Release */ = {
			isa = XCBuildConfiguration;
			buildSettings = {
				ALWAYS_EMBED_SWIFT_STANDARD_LIBRARIES = YES;
				BUNDLE_LOADER = "$(TEST_HOST)";
				CODE_SIGN_STYLE = Automatic;
				DEVELOPMENT_TEAM = 4Z27JM42LL;
				INFOPLIST_FILE = uitestTests/Info.plist;
				LD_RUNPATH_SEARCH_PATHS = "$(inherited) @executable_path/Frameworks @loader_path/Frameworks";
				PRODUCT_BUNDLE_IDENTIFIER = com.michaelchan.uitestTests;
				PRODUCT_NAME = "$(TARGET_NAME)";
				SWIFT_VERSION = 4.0;
				TARGETED_DEVICE_FAMILY = "1,2";
				TEST_HOST = "$(BUILT_PRODUCTS_DIR)/uitest.app/uitest";
			};
			name = Release;
		};
		6FE2B0951F6B7D4A00E46EB1 /* Debug */ = {
			isa = XCBuildConfiguration;
			buildSettings = {
				ALWAYS_EMBED_SWIFT_STANDARD_LIBRARIES = YES;
				CODE_SIGN_STYLE = Automatic;
				DEVELOPMENT_TEAM = 4Z27JM42LL;
				INFOPLIST_FILE = uitestUITests/Info.plist;
				LD_RUNPATH_SEARCH_PATHS = "$(inherited) @executable_path/Frameworks @loader_path/Frameworks";
				PRODUCT_BUNDLE_IDENTIFIER = com.michaelchan.uitestUITests;
				PRODUCT_NAME = "$(TARGET_NAME)";
				SWIFT_VERSION = 4.0;
				TARGETED_DEVICE_FAMILY = "1,2";
				TEST_TARGET_NAME = uitest;
			};
			name = Debug;
		};
		6FE2B0961F6B7D4A00E46EB1 /* Release */ = {
			isa = XCBuildConfiguration;
			buildSettings = {
				ALWAYS_EMBED_SWIFT_STANDARD_LIBRARIES = YES;
				CODE_SIGN_STYLE = Automatic;
				DEVELOPMENT_TEAM = 4Z27JM42LL;
				INFOPLIST_FILE = uitestUITests/Info.plist;
				LD_RUNPATH_SEARCH_PATHS = "$(inherited) @executable_path/Frameworks @loader_path/Frameworks";
				PRODUCT_BUNDLE_IDENTIFIER = com.michaelchan.uitestUITests;
				PRODUCT_NAME = "$(TARGET_NAME)";
				SWIFT_VERSION = 4.0;
				TARGETED_DEVICE_FAMILY = "1,2";
				TEST_TARGET_NAME = uitest;
			};
			name = Release;
		};
/* End XCBuildConfiguration section */

/* Begin XCConfigurationList section */
		6FE2B0611F6B7D4A00E46EB1 /* Build configuration list for PBXProject "uitest" */ = {
			isa = XCConfigurationList;
			buildConfigurations = (
				6FE2B08C1F6B7D4A00E46EB1 /* Debug */,
				6FE2B08D1F6B7D4A00E46EB1 /* Release */,
			);
			defaultConfigurationIsVisible = 0;
			defaultConfigurationName = Release;
		};
		6FE2B08E1F6B7D4A00E46EB1 /* Build configuration list for PBXNativeTarget "uitest" */ = {
			isa = XCConfigurationList;
			buildConfigurations = (
				6FE2B08F1F6B7D4A00E46EB1 /* Debug */,
				6FE2B0901F6B7D4A00E46EB1 /* Release */,
			);
			defaultConfigurationIsVisible = 0;
			defaultConfigurationName = Release;
		};
		6FE2B0911F6B7D4A00E46EB1 /* Build configuration list for PBXNativeTarget "uitestTests" */ = {
			isa = XCConfigurationList;
			buildConfigurations = (
				6FE2B0921F6B7D4A00E46EB1 /* Debug */,
				6FE2B0931F6B7D4A00E46EB1 /* Release */,
			);
			defaultConfigurationIsVisible = 0;
			defaultConfigurationName = Release;
		};
		6FE2B0941F6B7D4A00E46EB1 /* Build configuration list for PBXNativeTarget "uitestUITests" */ = {
			isa = XCConfigurationList;
			buildConfigurations = (
				6FE2B0951F6B7D4A00E46EB1 /* Debug */,
				6FE2B0961F6B7D4A00E46EB1 /* Release */,
			);
			defaultConfigurationIsVisible = 0;
			defaultConfigurationName = Release;
		};
/* End XCConfigurationList section */
	};
	rootObject = 6FE2B05E1F6B7D4A00E46EB1 /* Project object */;
}
